
Microsoft Visual Studio Solution File, Format Version 12.00
# Visual Studio Version 17
VisualStudioVersion = 17.6.33723.286
MinimumVisualStudioVersion = 10.0.40219.1
Project("{FAE04EC0-301F-11D3-BF4B-00C04F79EFBC}") = "ProyectoX.Web", "ProyectoX.Web\ProyectoX.Web.csproj", "{375179F9-FA6E-424D-971A-5E65C7DC107E}"
EndProject
Global
	GlobalSection(SolutionConfigurationPlatforms) = preSolution
		Debug|Any CPU = Debug|Any CPU
		Release|Any CPU = Release|Any CPU
	EndGlobalSection
	GlobalSection(ProjectConfigurationPlatforms) = postSolution
		{375179F9-FA6E-424D-971A-5E65C7DC107E}.Debug|Any CPU.ActiveCfg = Debug|Any CPU
		{375179F9-FA6E-424D-971A-5E65C7DC107E}.Debug|Any CPU.Build.0 = Debug|Any CPU
		{375179F9-FA6E-424D-971A-5E65C7DC107E}.Release|Any CPU.ActiveCfg = Release|Any CPU
		{375179F9-FA6E-424D-971A-5E65C7DC107E}.Release|Any CPU.Build.0 = Release|Any CPU
	EndGlobalSection
	GlobalSection(SolutionProperties) = preSolution
		HideSolutionNode = FALSE
	EndGlobalSection
	GlobalSection(ExtensibilityGlobals) = postSolution
		SolutionGuid = {5FE0FB2A-AFA3-4931-BD1F-A9CC1EB21081}
	EndGlobalSection
EndGlobal
